
Microsoft Visual Studio Solution File, Format Version 12.00
# Visual Studio Version 17
VisualStudioVersion = 17.13.35825.156 d17.13
MinimumVisualStudioVersion = 10.0.40219.1
Project("{FAE04EC0-301F-11D3-BF4B-00C04F79EFBC}") = "student management system", "student management system\student management system.csproj", "{523023EA-439B-4532-9D8D-11D1DCB52204}"
EndProject
Global
	GlobalSection(SolutionConfigurationPlatforms) = preSolution
		Debug|Any CPU = Debug|Any CPU
		Release|Any CPU = Release|Any CPU
	EndGlobalSection
	GlobalSection(ProjectConfigurationPlatforms) = postSolution
		{523023EA-439B-4532-9D8D-11D1DCB52204}.Debug|Any CPU.ActiveCfg = Debug|Any CPU
		{523023EA-439B-4532-9D8D-11D1DCB52204}.Debug|Any CPU.Build.0 = Debug|Any CPU
		{523023EA-439B-4532-9D8D-11D1DCB52204}.Release|Any CPU.ActiveCfg = Release|Any CPU
		{523023EA-439B-4532-9D8D-11D1DCB52204}.Release|Any CPU.Build.0 = Release|Any CPU
	EndGlobalSection
	GlobalSection(SolutionProperties) = preSolution
		HideSolutionNode = FALSE
	EndGlobalSection
	GlobalSection(ExtensibilityGlobals) = postSolution
		SolutionGuid = {8C75369C-893D-454B-A7B8-CA36EB5F9AD6}
	EndGlobalSection
EndGlobal
